<Solution>
  <Folder Name="/Solution Items/">
    <File Path="README.md" />
    <File Path="LICENSE.txt" />
  </Folder>
  <Folder Name="/Docs/">
    <File Path="Docs/Vanilla.md" />
    <File Path="Docs/Fluent.md" />
  </Folder>
  <Project Path="CsExcel/CsExcel.fsproj" />
  <Project Path="UnitTests/UnitTests.csproj" />
  <Project Path="Examples/CsExcel.Examples/CsExcel.Examples.csproj" />
</Solution>
